
Microsoft Visual Studio Solution File, Format Version 12.00
# Visual Studio Version 17
VisualStudioVersion = 17.0.31903.59
MinimumVisualStudioVersion = 10.0.40219.1
Project("{FAE04EC0-301F-11D3-BF4B-00C04F79EFBC}") = "RDAT.Copilot.Core", "src\RDAT.Copilot.Core\RDAT.Copilot.Core.csproj", "{8D351F6B-9F7D-4289-BAE8-91D3CE6000E7}"
EndProject
Project("{FAE04EC0-301F-11D3-BF4B-00C04F79EFBC}") = "RDAT.Copilot.Desktop", "src\RDAT.Copilot.Desktop\RDAT.Copilot.Desktop.csproj", "{B5854281-C866-4CFE-AC9D-A86730393749}"
EndProject
Project("{FAE04EC0-301F-11D3-BF4B-00C04F79EFBC}") = "RDAT.Copilot.Core.Tests", "tests\RDAT.Copilot.Core.Tests\RDAT.Copilot.Core.Tests.csproj", "{7C2B6842-5EAE-472B-9830-51D62B892BBA}"
EndProject
Global
	GlobalSection(SolutionConfigurationPlatforms) = preSolution
		Debug|Any CPU = Debug|Any CPU
		Debug|x64 = Debug|x64
		Debug|x86 = Debug|x86
		Release|Any CPU = Release|Any CPU
		Release|x64 = Release|x64
		Release|x86 = Release|x86
	EndGlobalSection
	GlobalSection(ProjectConfigurationPlatforms) = postSolution
		{8D351F6B-9F7D-4289-BAE8-91D3CE6000E7}.Debug|Any CPU.ActiveCfg = Debug|Any CPU
		{8D351F6B-9F7D-4289-BAE8-91D3CE6000E7}.Debug|Any CPU.Build.0 = Debug|Any CPU
		{8D351F6B-9F7D-4289-BAE8-91D3CE6000E7}.Debug|x64.ActiveCfg = Debug|Any CPU
		{8D351F6B-9F7D-4289-BAE8-91D3CE6000E7}.Debug|x64.Build.0 = Debug|Any CPU
		{8D351F6B-9F7D-4289-BAE8-91D3CE6000E7}.Debug|x86.ActiveCfg = Debug|Any CPU
		{8D351F6B-9F7D-4289-BAE8-91D3CE6000E7}.Debug|x86.Build.0 = Debug|Any CPU
		{8D351F6B-9F7D-4289-BAE8-91D3CE6000E7}.Release|Any CPU.ActiveCfg = Release|Any CPU
		{8D351F6B-9F7D-4289-BAE8-91D3CE6000E7}.Release|Any CPU.Build.0 = Release|Any CPU
		{8D351F6B-9F7D-4289-BAE8-91D3CE6000E7}.Release|x64.ActiveCfg = Release|Any CPU
		{8D351F6B-9F7D-4289-BAE8-91D3CE6000E7}.Release|x64.Build.0 = Release|Any CPU
		{8D351F6B-9F7D-4289-BAE8-91D3CE6000E7}.Release|x86.ActiveCfg = Release|Any CPU
		{8D351F6B-9F7D-4289-BAE8-91D3CE6000E7}.Release|x86.Build.0 = Release|Any CPU
		{B5854281-C866-4CFE-AC9D-A86730393749}.Debug|Any CPU.ActiveCfg = Debug|x86
		{B5854281-C866-4CFE-AC9D-A86730393749}.Debug|Any CPU.Build.0 = Debug|x86
		{B5854281-C866-4CFE-AC9D-A86730393749}.Debug|x64.ActiveCfg = Debug|x64
		{B5854281-C866-4CFE-AC9D-A86730393749}.Debug|x64.Build.0 = Debug|x64
		{B5854281-C866-4CFE-AC9D-A86730393749}.Debug|x86.ActiveCfg = Debug|x86
		{B5854281-C866-4CFE-AC9D-A86730393749}.Debug|x86.Build.0 = Debug|x86
		{B5854281-C866-4CFE-AC9D-A86730393749}.Release|Any CPU.ActiveCfg = Release|x86
		{B5854281-C866-4CFE-AC9D-A86730393749}.Release|Any CPU.Build.0 = Release|x86
		{B5854281-C866-4CFE-AC9D-A86730393749}.Release|x64.ActiveCfg = Release|x64
		{B5854281-C866-4CFE-AC9D-A86730393749}.Release|x64.Build.0 = Release|x64
		{B5854281-C866-4CFE-AC9D-A86730393749}.Release|x86.ActiveCfg = Release|x86
		{B5854281-C866-4CFE-AC9D-A86730393749}.Release|x86.Build.0 = Release|x86
		{7C2B6842-5EAE-472B-9830-51D62B892BBA}.Debug|Any CPU.ActiveCfg = Debug|Any CPU
		{7C2B6842-5EAE-472B-9830-51D62B892BBA}.Debug|Any CPU.Build.0 = Debug|Any CPU
		{7C2B6842-5EAE-472B-9830-51D62B892BBA}.Debug|x64.ActiveCfg = Debug|Any CPU
		{7C2B6842-5EAE-472B-9830-51D62B892BBA}.Debug|x64.Build.0 = Debug|Any CPU
		{7C2B6842-5EAE-472B-9830-51D62B892BBA}.Debug|x86.ActiveCfg = Debug|Any CPU
		{7C2B6842-5EAE-472B-9830-51D62B892BBA}.Debug|x86.Build.0 = Debug|Any CPU
		{7C2B6842-5EAE-472B-9830-51D62B892BBA}.Release|Any CPU.ActiveCfg = Release|Any CPU
		{7C2B6842-5EAE-472B-9830-51D62B892BBA}.Release|Any CPU.Build.0 = Release|Any CPU
		{7C2B6842-5EAE-472B-9830-51D62B892BBA}.Release|x64.ActiveCfg = Release|Any CPU
		{7C2B6842-5EAE-472B-9830-51D62B892BBA}.Release|x64.Build.0 = Release|Any CPU
		{7C2B6842-5EAE-472B-9830-51D62B892BBA}.Release|x86.ActiveCfg = Release|Any CPU
		{7C2B6842-5EAE-472B-9830-51D62B892BBA}.Release|x86.Build.0 = Release|Any CPU
	EndGlobalSection
EndGlobal
